hash: 6fc3b6fd93bb4f1af59c91c194598e742c0a74be252c1afda98388e1cda24636
updated: 2017-05-06T16:21:02.167825604+10:00
imports:
- name: github.com/gizak/termui
  version: 24acd523c756fd9728824cdfac66aad9d8982fb7
- name: github.com/maruel/panicparse
  version: ae43f192cef2add653fe1481a3070ed00a4a6981
  subpackages:
  - stack
- name: github.com/mattn/go-runewidth
  version: 14207d285c6c197daabb5c9793d63e7af9ab2d50
- name: github.com/mitchellh/go-wordwrap
  version: ad45545899c7b13c020ea92b2072220eefad42b8
- name: github.com/nsf/termbox-go
  version: 7994c181db7761ca3c67a217068cf31826113f5f
testImports: []
